// !$*UTF8*$!
{
	archiveVersion = 1;
	classes = {
	};
	objectVersion = 50;
	objects = {

/* Begin PBXBuildFile section */
		AC12A61B222F09FC00C93C9B /* AppDelegate.swift in Sources */ = {isa = PBXBuildFile; fileRef = AC12A61A222F09FC00C93C9B /* AppDelegate.swift */; };
		AC12A620222F09FC00C93C9B /* Main.storyboard in Resources */ = {isa = PBXBuildFile; fileRef = AC12A61E222F09FC00C93C9B /* Main.storyboard */; };
		AC12A622222F09FD00C93C9B /* Assets.xcassets in Resources */ = {isa = PBXBuildFile; fileRef = AC12A621222F09FD00C93C9B /* Assets.xcassets */; };
		AC12A625222F09FD00C93C9B /* LaunchScreen.storyboard in Resources */ = {isa = PBXBuildFile; fileRef = AC12A623222F09FD00C93C9B /* LaunchScreen.storyboard */; };
		AC12A62D222F170E00C93C9B /* GameOneViewController.swift in Sources */ = {isa = PBXBuildFile; fileRef = AC12A62C222F170E00C93C9B /* GameOneViewController.swift */; };
		AC62CC96222F2A3B00D3ACFD /* GameTwoViewController.swift in Sources */ = {isa = PBXBuildFile; fileRef = AC62CC95222F2A3B00D3ACFD /* GameTwoViewController.swift */; };
		ACA633CF222F4122008E966F /* game1 in Resources */ = {isa = PBXBuildFile; fileRef = ACA633CD222F4122008E966F /* game1 */; };
		ACA633D0222F4122008E966F /* game2 in Resources */ = {isa = PBXBuildFile; fileRef = ACA633CE222F4122008E966F /* game2 */; };
		FCFEFAF59C389E77E6C932B5 /* Pods_Test.framework in Frameworks */ = {isa = PBXBuildFile; fileRef = 0C14615E91809DFFD432BFA0 /* Pods_Test.framework */; };
/* End PBXBuildFile section */

/* Begin PBXFileReference section */
		0C14615E91809DFFD432BFA0 /* Pods_Test.framework */ = {isa = PBXFileReference; explicitFileType = wrapper.framework; includeInIndex = 0; path = Pods_Test.framework; sourceTree = BUILT_PRODUCTS_DIR; };
		58ACAF030782F3A0DB5C90F9 /* Pods-Test.debug.xcconfig */ = {isa = PBXFileReference; includeInIndex = 1; lastKnownFileType = text.xcconfig; name = "Pods-Test.debug.xcconfig"; path = "Pods/Target Support Files/Pods-Test/Pods-Test.debug.xcconfig"; sourceTree = "<group>"; };
		AC12A617222F09FC00C93C9B /* Test.app */ = {isa = PBXFileReference; explicitFileType = wrapper.application; includeInIndex = 0; path = Test.app; sourceTree = BUILT_PRODUCTS_DIR; };
		AC12A61A222F09FC00C93C9B /* AppDelegate.swift */ = {isa = PBXFileReference; lastKnownFileType = sourcecode.swift; path = AppDelegate.swift; sourceTree = "<group>"; };
		AC12A61F222F09FC00C93C9B /* Base */ = {isa = PBXFileReference; lastKnownFileType = file.storyboard; name = Base; path = Base.lproj/Main.storyboard; sourceTree = "<group>"; };
		AC12A621222F09FD00C93C9B /* Assets.xcassets */ = {isa = PBXFileReference; lastKnownFileType = folder.assetcatalog; path = Assets.xcassets; sourceTree = "<group>"; };
		AC12A624222F09FD00C93C9B /* Base */ = {isa = PBXFileReference; lastKnownFileType = file.storyboard; name = Base; path = Base.lproj/LaunchScreen.storyboard; sourceTree = "<group>"; };
		AC12A626222F09FD00C93C9B /* Info.plist */ = {isa = PBXFileReference; lastKnownFileType = text.plist.xml; path = Info.plist; sourceTree = "<group>"; };
		AC12A62C222F170E00C93C9B /* GameOneViewController.swift */ = {isa = PBXFileReference; lastKnownFileType = sourcecode.swift; path = GameOneViewController.swift; sourceTree = "<group>"; };
		AC62CC95222F2A3B00D3ACFD /* GameTwoViewController.swift */ = {isa = PBXFileReference; lastKnownFileType = sourcecode.swift; path = GameTwoViewController.swift; sourceTree = "<group>"; };
		ACA633CD222F4122008E966F /* game1 */ = {isa = PBXFileReference; lastKnownFileType = folder; path = game1; sourceTree = "<group>"; };
		ACA633CE222F4122008E966F /* game2 */ = {isa = PBXFileReference; lastKnownFileType = folder; path = game2; sourceTree = "<group>"; };
		DDCC568EAEC96AB136AD0024 /* Pods-Test.release.xcconfig */ = {isa = PBXFileReference; includeInIndex = 1; lastKnownFileType = text.xcconfig; name = "Pods-Test.release.xcconfig"; path = "Pods/Target Support Files/Pods-Test/Pods-Test.release.xcconfig"; sourceTree = "<group>"; };
/* End PBXFileReference section */

/* Begin PBXFrameworksBuildPhase section */
		AC12A614222F09FC00C93C9B /* Frameworks */ = {
			isa = PBXFrameworksBuildPhase;
			buildActionMask = 2147483647;
			files = (
				FCFEFAF59C389E77E6C932B5 /* Pods_Test.framework in Frameworks */,
			);
			runOnlyForDeploymentPostprocessing = 0;
		};
/* End PBXFrameworksBuildPhase section */

/* Begin PBXGroup section */
		7F566FD18D5B64A1F0116FD9 /* Pods */ = {
			isa = PBXGroup;
			children = (
				58ACAF030782F3A0DB5C90F9 /* Pods-Test.debug.xcconfig */,
				DDCC568EAEC96AB136AD0024 /* Pods-Test.release.xcconfig */,
			);
			name = Pods;
			sourceTree = "<group>";
		};
		8A998EDBAAD3346C5B3C2328 /* Frameworks */ = {
			isa = PBXGroup;
			children = (
				0C14615E91809DFFD432BFA0 /* Pods_Test.framework */,
			);
			name = Frameworks;
			sourceTree = "<group>";
		};
		AC12A60E222F09FC00C93C9B = {
			isa = PBXGroup;
			children = (
				AC12A619222F09FC00C93C9B /* Test */,
				AC12A618222F09FC00C93C9B /* Products */,
				7F566FD18D5B64A1F0116FD9 /* Pods */,
				8A998EDBAAD3346C5B3C2328 /* Frameworks */,
			);
			sourceTree = "<group>";
		};
		AC12A618222F09FC00C93C9B /* Products */ = {
			isa = PBXGroup;
			children = (
				AC12A617222F09FC00C93C9B /* Test.app */,
			);
			name = Products;
			sourceTree = "<group>";
		};
		AC12A619222F09FC00C93C9B /* Test */ = {
			isa = PBXGroup;
			children = (
				AC811586222F3C3E005F46E9 /* Supporting files */,
				AC811585222F3C2F005F46E9 /* Controllers */,
				AC12A626222F09FD00C93C9B /* Info.plist */,
			);
			path = Test;
			sourceTree = "<group>";
		};
		AC811585222F3C2F005F46E9 /* Controllers */ = {
			isa = PBXGroup;
			children = (
				AC12A62C222F170E00C93C9B /* GameOneViewController.swift */,
				AC62CC95222F2A3B00D3ACFD /* GameTwoViewController.swift */,
			);
			path = Controllers;
			sourceTree = "<group>";
		};
		AC811586222F3C3E005F46E9 /* Supporting files */ = {
			isa = PBXGroup;
			children = (
				AC12A623222F09FD00C93C9B /* LaunchScreen.storyboard */,
				AC12A61E222F09FC00C93C9B /* Main.storyboard */,
				AC12A621222F09FD00C93C9B /* Assets.xcassets */,
				AC12A61A222F09FC00C93C9B /* AppDelegate.swift */,
				ACA633CD222F4122008E966F /* game1 */,
				ACA633CE222F4122008E966F /* game2 */,
			);
			path = "Supporting files";
			sourceTree = "<group>";
		};
/* End PBXGroup section */

/* Begin PBXNativeTarget section */
		AC12A616222F09FC00C93C9B /* Test */ = {
			isa = PBXNativeTarget;
			buildConfigurationList = AC12A629222F09FD00C93C9B /* Build configuration list for PBXNativeTarget "Test" */;
			buildPhases = (
				7257EB47555CAD3AD6177929 /* [CP] Check Pods Manifest.lock */,
				AC12A613222F09FC00C93C9B /* Sources */,
				AC12A614222F09FC00C93C9B /* Frameworks */,
				AC12A615222F09FC00C93C9B /* Resources */,
				4F07A33FF26A64BE57AE6A7A /* [CP] Embed Pods Frameworks */,
			);
			buildRules = (
			);
			dependencies = (
			);
			name = Test;
			productName = Test;
			productReference = AC12A617222F09FC00C93C9B /* Test.app */;
			productType = "com.apple.product-type.application";
		};
/* End PBXNativeTarget section */

/* Begin PBXProject section */
		AC12A60F222F09FC00C93C9B /* Project object */ = {
			isa = PBXProject;
			attributes = {
				LastSwiftUpdateCheck = 1010;
				LastUpgradeCheck = 1010;
				ORGANIZATIONNAME = Gukov.space;
				TargetAttributes = {
					AC12A616222F09FC00C93C9B = {
						CreatedOnToolsVersion = 10.1;
					};
				};
			};
			buildConfigurationList = AC12A612222F09FC00C93C9B /* Build configuration list for PBXProject "Test" */;
			compatibilityVersion = "Xcode 9.3";
			developmentRegion = en;
			hasScannedForEncodings = 0;
			knownRegions = (
				en,
				Base,
			);
			mainGroup = AC12A60E222F09FC00C93C9B;
			productRefGroup = AC12A618222F09FC00C93C9B /* Products */;
			projectDirPath = "";
			projectRoot = "";
			targets = (
				AC12A616222F09FC00C93C9B /* Test */,
			);
		};
/* End PBXProject section */

/* Begin PBXResourcesBuildPhase section */
		AC12A615222F09FC00C93C9B /* Resources */ = {
			isa = PBXResourcesBuildPhase;
			buildActionMask = 2147483647;
			files = (
				ACA633CF222F4122008E966F /* game1 in Resources */,
				ACA633D0222F4122008E966F /* game2 in Resources */,
				AC12A625222F09FD00C93C9B /* LaunchScreen.storyboard in Resources */,
				AC12A622222F09FD00C93C9B /* Assets.xcassets in Resources */,
				AC12A620222F09FC00C93C9B /* Main.storyboard in Resources */,
			);
			runOnlyForDeploymentPostprocessing = 0;
		};
/* End PBXResourcesBuildPhase section */

/* Begin PBXShellScriptBuildPhase section */
		4F07A33FF26A64BE57AE6A7A /* [CP] Embed Pods Frameworks */ = {
			isa = PBXShellScriptBuildPhase;
			buildActionMask = 2147483647;
			files = (
			);
			inputFileListPaths = (
			);
			inputPaths = (
				"${SRCROOT}/Pods/Target Support Files/Pods-Test/Pods-Test-frameworks.sh",
				"${BUILT_PRODUCTS_DIR}/SideMenu/SideMenu.framework",
			);
			name = "[CP] Embed Pods Frameworks";
			outputFileListPaths = (
			);
			outputPaths = (
				"${TARGET_BUILD_DIR}/${FRAMEWORKS_FOLDER_PATH}/SideMenu.framework",
			);
			runOnlyForDeploymentPostprocessing = 0;
			shellPath = /bin/sh;
			shellScript = "\"${SRCROOT}/Pods/Target Support Files/Pods-Test/Pods-Test-frameworks.sh\"\n";
			showEnvVarsInLog = 0;
		};
		7257EB47555CAD3AD6177929 /* [CP] Check Pods Manifest.lock */ = {
			isa = PBXShellScriptBuildPhase;
			buildActionMask = 2147483647;
			files = (
			);
			inputFileListPaths = (
			);
			inputPaths = (
				"${PODS_PODFILE_DIR_PATH}/Podfile.lock",
				"${PODS_ROOT}/Manifest.lock",
			);
			name = "[CP] Check Pods Manifest.lock";
			outputFileListPaths = (
			);
			outputPaths = (
				"$(DERIVED_FILE_DIR)/Pods-Test-checkManifestLockResult.txt",
			);
			runOnlyForDeploymentPostprocessing = 0;
			shellPath = /bin/sh;
			shellScript = "diff \"${PODS_PODFILE_DIR_PATH}/Podfile.lock\" \"${PODS_ROOT}/Manifest.lock\" > /dev/null\nif [ $? != 0 ] ; then\n    # print error to STDERR\n    echo \"error: The sandbox is not in sync with the Podfile.lock. Run 'pod install' or update your CocoaPods installation.\" >&2\n    exit 1\nfi\n# This output is used by Xcode 'outputs' to avoid re-running this script phase.\necho \"SUCCESS\" > \"${SCRIPT_OUTPUT_FILE_0}\"\n";
			showEnvVarsInLog = 0;
		};
/* End PBXShellScriptBuildPhase section */

/* Begin PBXSourcesBuildPhase section */
		AC12A613222F09FC00C93C9B /* Sources */ = {
			isa = PBXSourcesBuildPhase;
			buildActionMask = 2147483647;
			files = (
				AC12A62D222F170E00C93C9B /* GameOneViewController.swift in Sources */,
				AC12A61B222F09FC00C93C9B /* AppDelegate.swift in Sources */,
				AC62CC96222F2A3B00D3ACFD /* GameTwoViewController.swift in Sources */,
			);
			runOnlyForDeploymentPostprocessing = 0;
		};
/* End PBXSourcesBuildPhase section */

/* Begin PBXVariantGroup section */
		AC12A61E222F09FC00C93C9B /* Main.storyboard */ = {
			isa = PBXVariantGroup;
			children = (
				AC12A61F222F09FC00C93C9B /* Base */,
			);
			name = Main.storyboard;
			sourceTree = "<group>";
		};
		AC12A623222F09FD00C93C9B /* LaunchScreen.storyboard */ = {
			isa = PBXVariantGroup;
			children = (
				AC12A624222F09FD00C93C9B /* Base */,
			);
			name = LaunchScreen.storyboard;
			sourceTree = "<group>";
		};
/* End PBXVariantGroup section */

/* Begin XCBuildConfiguration section */
		AC12A627222F09FD00C93C9B /* Debug */ = {
			isa = XCBuildConfiguration;
			buildSettings = {
				ALWAYS_SEARCH_USER_PATHS = NO;
				CLANG_ANALYZER_NONNULL = YES;
				CLANG_ANALYZER_NUMBER_OBJECT_CONVERSION = YES_AGGRESSIVE;
				CLANG_CXX_LANGUAGE_STANDARD = "gnu++14";
				CLANG_CXX_LIBRARY = "libc++";
				CLANG_ENABLE_MODULES = YES;
				CLANG_ENABLE_OBJC_ARC = YES;
				CLANG_ENABLE_OBJC_WEAK = YES;
				CLANG_WARN_BLOCK_CAPTURE_AUTORELEASING = YES;
				CLANG_WARN_BOOL_CONVERSION = YES;
				CLANG_WARN_COMMA = YES;
				CLANG_WARN_CONSTANT_CONVERSION = YES;
				CLANG_WARN_DEPRECATED_OBJC_IMPLEMENTATIONS = YES;
				CLANG_WARN_DIRECT_OBJC_ISA_USAGE = YES_ERROR;
				CLANG_WARN_DOCUMENTATION_COMMENTS = YES;
				CLANG_WARN_EMPTY_BODY = YES;
				CLANG_WARN_ENUM_CONVERSION = YES;
				CLANG_WARN_INFINITE_RECURSION = YES;
				CLANG_WARN_INT_CONVERSION = YES;
				CLANG_WARN_NON_LITERAL_NULL_CONVERSION = YES;
				CLANG_WARN_OBJC_IMPLICIT_RETAIN_SELF = YES;
				CLANG_WARN_OBJC_LITERAL_CONVERSION = YES;
				CLANG_WARN_OBJC_ROOT_CLASS = YES_ERROR;
				CLANG_WARN_RANGE_LOOP_ANALYSIS = YES;
				CLANG_WARN_STRICT_PROTOTYPES = YES;
				CLANG_WARN_SUSPICIOUS_MOVE = YES;
				CLANG_WARN_UNGUARDED_AVAILABILITY = YES_AGGRESSIVE;
				CLANG_WARN_UNREACHABLE_CODE = YES;
				CLANG_WARN__DUPLICATE_METHOD_MATCH = YES;
				CODE_SIGN_IDENTITY = "iPhone Developer";
				COPY_PHASE_STRIP = NO;
				DEBUG_INFORMATION_FORMAT = dwarf;
				ENABLE_STRICT_OBJC_MSGSEND = YES;
				ENABLE_TESTABILITY = YES;
				GCC_C_LANGUAGE_STANDARD = gnu11;
				GCC_DYNAMIC_NO_PIC = NO;
				GCC_NO_COMMON_BLOCKS = YES;
				GCC_OPTIMIZATION_LEVEL = 0;
				GCC_PREPROCESSOR_DEFINITIONS = (
					"DEBUG=1",
					"$(inherited)",
				);
				GCC_WARN_64_TO_32_BIT_CONVERSION = YES;
				GCC_WARN_ABOUT_RETURN_TYPE = YES_ERROR;
				GCC_WARN_UNDECLARED_SELECTOR = YES;
				GCC_WARN_UNINITIALIZED_AUTOS = YES_AGGRESSIVE;
				GCC_WARN_UNUSED_FUNCTION = YES;
				GCC_WARN_UNUSED_VARIABLE = YES;
				IPHONEOS_DEPLOYMENT_TARGET = 12.1;
				MTL_ENABLE_DEBUG_INFO = INCLUDE_SOURCE;
				MTL_FAST_MATH = YES;
				ONLY_ACTIVE_ARCH = YES;
				SDKROOT = iphoneos;
				SWIFT_ACTIVE_COMPILATION_CONDITIONS = DEBUG;
				SWIFT_OPTIMIZATION_LEVEL = "-Onone";
			};
			name = Debug;
		};
		AC12A628222F09FD00C93C9B /* Release */ = {
			isa = XCBuildConfiguration;
			buildSettings = {
				ALWAYS_SEARCH_USER_PATHS = NO;
				CLANG_ANALYZER_NONNULL = YES;
				CLANG_ANALYZER_NUMBER_OBJECT_CONVERSION = YES_AGGRESSIVE;
				CLANG_CXX_LANGUAGE_STANDARD = "gnu++14";
				CLANG_CXX_LIBRARY = "libc++";
				CLANG_ENABLE_MODULES = YES;
				CLANG_ENABLE_OBJC_ARC = YES;
				CLANG_ENABLE_OBJC_WEAK = YES;
				CLANG_WARN_BLOCK_CAPTURE_AUTORELEASING = YES;
				CLANG_WARN_BOOL_CONVERSION = YES;
				CLANG_WARN_COMMA = YES;
				CLANG_WARN_CONSTANT_CONVERSION = YES;
				CLANG_WARN_DEPRECATED_OBJC_IMPLEMENTATIONS = YES;
				CLANG_WARN_DIRECT_OBJC_ISA_USAGE = YES_ERROR;
				CLANG_WARN_DOCUMENTATION_COMMENTS = YES;
				CLANG_WARN_EMPTY_BODY = YES;
				CLANG_WARN_ENUM_CONVERSION = YES;
				CLANG_WARN_INFINITE_RECURSION = YES;
				CLANG_WARN_INT_CONVERSION = YES;
				CLANG_WARN_NON_LITERAL_NULL_CONVERSION = YES;
				CLANG_WARN_OBJC_IMPLICIT_RETAIN_SELF = YES;
				CLANG_WARN_OBJC_LITERAL_CONVERSION = YES;
				CLANG_WARN_OBJC_ROOT_CLASS = YES_ERROR;
				CLANG_WARN_RANGE_LOOP_ANALYSIS = YES;
				CLANG_WARN_STRICT_PROTOTYPES = YES;
				CLANG_WARN_SUSPICIOUS_MOVE = YES;
				CLANG_WARN_UNGUARDED_AVAILABILITY = YES_AGGRESSIVE;
				CLANG_WARN_UNREACHABLE_CODE = YES;
				CLANG_WARN__DUPLICATE_METHOD_MATCH = YES;
				CODE_SIGN_IDENTITY = "iPhone Developer";
				COPY_PHASE_STRIP = NO;
				DEBUG_INFORMATION_FORMAT = "dwarf-with-dsym";
				ENABLE_NS_ASSERTIONS = NO;
				ENABLE_STRICT_OBJC_MSGSEND = YES;
				GCC_C_LANGUAGE_STANDARD = gnu11;
				GCC_NO_COMMON_BLOCKS = YES;
				GCC_WARN_64_TO_32_BIT_CONVERSION = YES;
				GCC_WARN_ABOUT_RETURN_TYPE = YES_ERROR;
				GCC_WARN_UNDECLARED_SELECTOR = YES;
				GCC_WARN_UNINITIALIZED_AUTOS = YES_AGGRESSIVE;
				GCC_WARN_UNUSED_FUNCTION = YES;
				GCC_WARN_UNUSED_VARIABLE = YES;
				IPHONEOS_DEPLOYMENT_TARGET = 12.1;
				MTL_ENABLE_DEBUG_INFO = NO;
				MTL_FAST_MATH = YES;
				SDKROOT = iphoneos;
				SWIFT_COMPILATION_MODE = wholemodule;
				SWIFT_OPTIMIZATION_LEVEL = "-O";
				VALIDATE_PRODUCT = YES;
			};
			name = Release;
		};
		AC12A62A222F09FD00C93C9B /* Debug */ = {
			isa = XCBuildConfiguration;
			baseConfigurationReference = 58ACAF030782F3A0DB5C90F9 /* Pods-Test.debug.xcconfig */;
			buildSettings = {
				ASSETCATALOG_COMPILER_APPICON_NAME = AppIcon;
				CODE_SIGN_STYLE = Automatic;
				DEVELOPMENT_TEAM = Z7SHMN27XP;
				INFOPLIST_FILE = Test/Info.plist;
				LD_RUNPATH_SEARCH_PATHS = (
					"$(inherited)",
					"@executable_path/Frameworks",
				);
				PRODUCT_BUNDLE_IDENTIFIER = ru.gukov.Test;
				PRODUCT_NAME = "$(TARGET_NAME)";
				SWIFT_VERSION = 4.2;
				TARGETED_DEVICE_FAMILY = "1,2";
			};
			name = Debug;
		};
		AC12A62B222F09FD00C93C9B /* Release */ = {
			isa = XCBuildConfiguration;
			baseConfigurationReference = DDCC568EAEC96AB136AD0024 /* Pods-Test.release.xcconfig */;
			buildSettings = {
				ASSETCATALOG_COMPILER_APPICON_NAME = AppIcon;
				CODE_SIGN_STYLE = Automatic;
				DEVELOPMENT_TEAM = Z7SHMN27XP;
				INFOPLIST_FILE = Test/Info.plist;
				LD_RUNPATH_SEARCH_PATHS = (
					"$(inherited)",
					"@executable_path/Frameworks",
				);
				PRODUCT_BUNDLE_IDENTIFIER = ru.gukov.Test;
				PRODUCT_NAME = "$(TARGET_NAME)";
				SWIFT_VERSION = 4.2;
				TARGETED_DEVICE_FAMILY = "1,2";
			};
			name = Release;
		};
/* End XCBuildConfiguration section */

/* Begin XCConfigurationList section */
		AC12A612222F09FC00C93C9B /* Build configuration list for PBXProject "Test" */ = {
			isa = XCConfigurationList;
			buildConfigurations = (
				AC12A627222F09FD00C93C9B /* Debug */,
				AC12A628222F09FD00C93C9B /* Release */,
			);
			defaultConfigurationIsVisible = 0;
			defaultConfigurationName = Release;
		};
		AC12A629222F09FD00C93C9B /* Build configuration list for PBXNativeTarget "Test" */ = {
			isa = XCConfigurationList;
			buildConfigurations = (
				AC12A62A222F09FD00C93C9B /* Debug */,
				AC12A62B222F09FD00C93C9B /* Release */,
			);
			defaultConfigurationIsVisible = 0;
			defaultConfigurationName = Release;
		};
/* End XCConfigurationList section */
	};
	rootObject = AC12A60F222F09FC00C93C9B /* Project object */;
}
